// !$*UTF8*$!
{
	archiveVersion = 1;
	classes = {
	};
	objectVersion = 46;
	objects = {

/* Begin PBXBuildFile section */
		D1BEDFF01C094E3D0024743D /* main.m in Sources */ = {isa = PBXBuildFile; fileRef = D1BEDFEF1C094E3D0024743D /* main.m */; };
		D1BEDFF31C094E3D0024743D /* AppDelegate.m in Sources */ = {isa = PBXBuildFile; fileRef = D1BEDFF21C094E3D0024743D /* AppDelegate.m */; };
		D1BEDFF61C094E3D0024743D /* ViewController.m in Sources */ = {isa = PBXBuildFile; fileRef = D1BEDFF51C094E3D0024743D /* ViewController.m */; };
		D1BEDFF91C094E3D0024743D /* Main.storyboard in Resources */ = {isa = PBXBuildFile; fileRef = D1BEDFF71C094E3D0024743D /* Main.storyboard */; };
		D1BEDFFC1C094E3D0024743D /* Phone_Register.xcdatamodeld in Sources */ = {isa = PBXBuildFile; fileRef = D1BEDFFA1C094E3D0024743D /* Phone_Register.xcdatamodeld */; };
		D1BEDFFE1C094E3D0024743D /* Assets.xcassets in Resources */ = {isa = PBXBuildFile; fileRef = D1BEDFFD1C094E3D0024743D /* Assets.xcassets */; };
		D1BEE0011C094E3D0024743D /* LaunchScreen.storyboard in Resources */ = {isa = PBXBuildFile; fileRef = D1BEDFFF1C094E3D0024743D /* LaunchScreen.storyboard */; };
/* End PBXBuildFile section */

/* Begin PBXFileReference section */
		D1BEDFEB1C094E3D0024743D /* Phone Register.app */ = {isa = PBXFileReference; explicitFileType = wrapper.application; includeInIndex = 0; path = "Phone Register.app"; sourceTree = BUILT_PRODUCTS_DIR; };
		D1BEDFEF1C094E3D0024743D /* main.m */ = {isa = PBXFileReference; lastKnownFileType = sourcecode.c.objc; path = main.m; sourceTree = "<group>"; };
		D1BEDFF11C094E3D0024743D /* AppDelegate.h */ = {isa = PBXFileReference; lastKnownFileType = sourcecode.c.h; path = AppDelegate.h; sourceTree = "<group>"; };
		D1BEDFF21C094E3D0024743D /* AppDelegate.m */ = {isa = PBXFileReference; lastKnownFileType = sourcecode.c.objc; path = AppDelegate.m; sourceTree = "<group>"; };
		D1BEDFF41C094E3D0024743D /* ViewController.h */ = {isa = PBXFileReference; lastKnownFileType = sourcecode.c.h; path = ViewController.h; sourceTree = "<group>"; };
		D1BEDFF51C094E3D0024743D /* ViewController.m */ = {isa = PBXFileReference; lastKnownFileType = sourcecode.c.objc; path = ViewController.m; sourceTree = "<group>"; };
		D1BEDFF81C094E3D0024743D /* Base */ = {isa = PBXFileReference; lastKnownFileType = file.storyboard; name = Base; path = Base.lproj/Main.storyboard; sourceTree = "<group>"; };
		D1BEDFFB1C094E3D0024743D /* Phone_Register.xcdatamodel */ = {isa = PBXFileReference; lastKnownFileType = wrapper.xcdatamodel; path = Phone_Register.xcdatamodel; sourceTree = "<group>"; };
		D1BEDFFD1C094E3D0024743D /* Assets.xcassets */ = {isa = PBXFileReference; lastKnownFileType = folder.assetcatalog; path = Assets.xcassets; sourceTree = "<group>"; };
		D1BEE0001C094E3D0024743D /* Base */ = {isa = PBXFileReference; lastKnownFileType = file.storyboard; name = Base; path = Base.lproj/LaunchScreen.storyboard; sourceTree = "<group>"; };
		D1BEE0021C094E3D0024743D /* Info.plist */ = {isa = PBXFileReference; lastKnownFileType = text.plist.xml; path = Info.plist; sourceTree = "<group>"; };
/* End PBXFileReference section */

/* Begin PBXFrameworksBuildPhase section */
		D1BEDFE81C094E3D0024743D /* Frameworks */ = {
			isa = PBXFrameworksBuildPhase;
			buildActionMask = 2147483647;
			files = (
			);
			runOnlyForDeploymentPostprocessing = 0;
		};
/* End PBXFrameworksBuildPhase section */

/* Begin PBXGroup section */
		D1BEDFE21C094E3D0024743D = {
			isa = PBXGroup;
			children = (
				D1BEDFED1C094E3D0024743D /* Phone Register */,
				D1BEDFEC1C094E3D0024743D /* Products */,
			);
			sourceTree = "<group>";
		};
		D1BEDFEC1C094E3D0024743D /* Products */ = {
			isa = PBXGroup;
			children = (
				D1BEDFEB1C094E3D0024743D /* Phone Register.app */,
			);
			name = Products;
			sourceTree = "<group>";
		};
		D1BEDFED1C094E3D0024743D /* Phone Register */ = {
			isa = PBXGroup;
			children = (
				D1BEDFF11C094E3D0024743D /* AppDelegate.h */,
				D1BEDFF21C094E3D0024743D /* AppDelegate.m */,
				D1BEDFF41C094E3D0024743D /* ViewController.h */,
				D1BEDFF51C094E3D0024743D /* ViewController.m */,
				D1BEDFF71C094E3D0024743D /* Main.storyboard */,
				D1BEDFFD1C094E3D0024743D /* Assets.xcassets */,
				D1BEDFFF1C094E3D0024743D /* LaunchScreen.storyboard */,
				D1BEE0021C094E3D0024743D /* Info.plist */,
				D1BEDFFA1C094E3D0024743D /* Phone_Register.xcdatamodeld */,
				D1BEDFEE1C094E3D0024743D /* Supporting Files */,
			);
			path = "Phone Register";
			sourceTree = "<group>";
		};
		D1BEDFEE1C094E3D0024743D /* Supporting Files */ = {
			isa = PBXGroup;
			children = (
				D1BEDFEF1C094E3D0024743D /* main.m */,
			);
			name = "Supporting Files";
			sourceTree = "<group>";
		};
/* End PBXGroup section */

/* Begin PBXNativeTarget section */
		D1BEDFEA1C094E3D0024743D /* Phone Register */ = {
			isa = PBXNativeTarget;
			buildConfigurationList = D1BEE0051C094E3D0024743D /* Build configuration list for PBXNativeTarget "Phone Register" */;
			buildPhases = (
				D1BEDFE71C094E3D0024743D /* Sources */,
				D1BEDFE81C094E3D0024743D /* Frameworks */,
				D1BEDFE91C094E3D0024743D /* Resources */,
			);
			buildRules = (
			);
			dependencies = (
			);
			name = "Phone Register";
			productName = "Phone Register";
			productReference = D1BEDFEB1C094E3D0024743D /* Phone Register.app */;
			productType = "com.apple.product-type.application";
		};
/* End PBXNativeTarget section */

/* Begin PBXProject section */
		D1BEDFE31C094E3D0024743D /* Project object */ = {
			isa = PBXProject;
			attributes = {
				LastUpgradeCheck = 0710;
				ORGANIZATIONNAME = Smartplace;
				TargetAttributes = {
					D1BEDFEA1C094E3D0024743D = {
						CreatedOnToolsVersion = 7.1.1;
					};
				};
			};
			buildConfigurationList = D1BEDFE61C094E3D0024743D /* Build configuration list for PBXProject "Phone Register" */;
			compatibilityVersion = "Xcode 3.2";
			developmentRegion = English;
			hasScannedForEncodings = 0;
			knownRegions = (
				en,
				Base,
			);
			mainGroup = D1BEDFE21C094E3D0024743D;
			productRefGroup = D1BEDFEC1C094E3D0024743D /* Products */;
			projectDirPath = "";
			projectRoot = "";
			targets = (
				D1BEDFEA1C094E3D0024743D /* Phone Register */,
			);
		};
/* End PBXProject section */

/* Begin PBXResourcesBuildPhase section */
		D1BEDFE91C094E3D0024743D /* Resources */ = {
			isa = PBXResourcesBuildPhase;
			buildActionMask = 2147483647;
			files = (
				D1BEE0011C094E3D0024743D /* LaunchScreen.storyboard in Resources */,
				D1BEDFFE1C094E3D0024743D /* Assets.xcassets in Resources */,
				D1BEDFF91C094E3D0024743D /* Main.storyboard in Resources */,
			);
			runOnlyForDeploymentPostprocessing = 0;
		};
/* End PBXResourcesBuildPhase section */

/* Begin PBXSourcesBuildPhase section */
		D1BEDFE71C094E3D0024743D /* Sources */ = {
			isa = PBXSourcesBuildPhase;
			buildActionMask = 2147483647;
			files = (
				D1BEDFF61C094E3D0024743D /* ViewController.m in Sources */,
				D1BEDFFC1C094E3D0024743D /* Phone_Register.xcdatamodeld in Sources */,
				D1BEDFF31C094E3D0024743D /* AppDelegate.m in Sources */,
				D1BEDFF01C094E3D0024743D /* main.m in Sources */,
			);
			runOnlyForDeploymentPostprocessing = 0;
		};
/* End PBXSourcesBuildPhase section */

/* Begin PBXVariantGroup section */
		D1BEDFF71C094E3D0024743D /* Main.storyboard */ = {
			isa = PBXVariantGroup;
			children = (
				D1BEDFF81C094E3D0024743D /* Base */,
			);
			name = Main.storyboard;
			sourceTree = "<group>";
		};
		D1BEDFFF1C094E3D0024743D /* LaunchScreen.storyboard */ = {
			isa = PBXVariantGroup;
			children = (
				D1BEE0001C094E3D0024743D /* Base */,
			);
			name = LaunchScreen.storyboard;
			sourceTree = "<group>";
		};
/* End PBXVariantGroup section */

/* Begin XCBuildConfiguration section */
		D1BEE0031C094E3D0024743D /* Debug */ = {
			isa = XCBuildConfiguration;
			buildSettings = {
				ALWAYS_SEARCH_USER_PATHS = NO;
				CLANG_CXX_LANGUAGE_STANDARD = "gnu++0x";
				CLANG_CXX_LIBRARY = "libc++";
				CLANG_ENABLE_MODULES = YES;
				CLANG_ENABLE_OBJC_ARC = YES;
				CLANG_WARN_BOOL_CONVERSION = YES;
				CLANG_WARN_CONSTANT_CONVERSION = YES;
				CLANG_WARN_DIRECT_OBJC_ISA_USAGE = YES_ERROR;
				CLANG_WARN_EMPTY_BODY = YES;
				CLANG_WARN_ENUM_CONVERSION = YES;
				CLANG_WARN_INT_CONVERSION = YES;
				CLANG_WARN_OBJC_ROOT_CLASS = YES_ERROR;
				CLANG_WARN_UNREACHABLE_CODE = YES;
				CLANG_WARN__DUPLICATE_METHOD_MATCH = YES;
				"CODE_SIGN_IDENTITY[sdk=iphoneos*]" = "iPhone Developer";
				COPY_PHASE_STRIP = NO;
				DEBUG_INFORMATION_FORMAT = dwarf;
				ENABLE_STRICT_OBJC_MSGSEND = YES;
				ENABLE_TESTABILITY = YES;
				GCC_C_LANGUAGE_STANDARD = gnu99;
				GCC_DYNAMIC_NO_PIC = NO;
				GCC_NO_COMMON_BLOCKS = YES;
				GCC_OPTIMIZATION_LEVEL = 0;
				GCC_PREPROCESSOR_DEFINITIONS = (
					"DEBUG=1",
					"$(inherited)",
				);
				GCC_WARN_64_TO_32_BIT_CONVERSION = YES;
				GCC_WARN_ABOUT_RETURN_TYPE = YES_ERROR;
				GCC_WARN_UNDECLARED_SELECTOR = YES;
				GCC_WARN_UNINITIALIZED_AUTOS = YES_AGGRESSIVE;
				GCC_WARN_UNUSED_FUNCTION = YES;
				GCC_WARN_UNUSED_VARIABLE = YES;
				IPHONEOS_DEPLOYMENT_TARGET = 9.1;
				MTL_ENABLE_DEBUG_INFO = YES;
				ONLY_ACTIVE_ARCH = YES;
				SDKROOT = iphoneos;
			};
			name = Debug;
		};
		D1BEE0041C094E3D0024743D /* Release */ = {
			isa = XCBuildConfiguration;
			buildSettings = {
				ALWAYS_SEARCH_USER_PATHS = NO;
				CLANG_CXX_LANGUAGE_STANDARD = "gnu++0x";
				CLANG_CXX_LIBRARY = "libc++";
				CLANG_ENABLE_MODULES = YES;
				CLANG_ENABLE_OBJC_ARC = YES;
				CLANG_WARN_BOOL_CONVERSION = YES;
				CLANG_WARN_CONSTANT_CONVERSION = YES;
				CLANG_WARN_DIRECT_OBJC_ISA_USAGE = YES_ERROR;
				CLANG_WARN_EMPTY_BODY = YES;
				CLANG_WARN_ENUM_CONVERSION = YES;
				CLANG_WARN_INT_CONVERSION = YES;
				CLANG_WARN_OBJC_ROOT_CLASS = YES_ERROR;
				CLANG_WARN_UNREACHABLE_CODE = YES;
				CLANG_WARN__DUPLICATE_METHOD_MATCH = YES;
				"CODE_SIGN_IDENTITY[sdk=iphoneos*]" = "iPhone Developer";
				COPY_PHASE_STRIP = NO;
				DEBUG_INFORMATION_FORMAT = "dwarf-with-dsym";
				ENABLE_NS_ASSERTIONS = NO;
				ENABLE_STRICT_OBJC_MSGSEND = YES;
				GCC_C_LANGUAGE_STANDARD = gnu99;
				GCC_NO_COMMON_BLOCKS = YES;
				GCC_WARN_64_TO_32_BIT_CONVERSION = YES;
				GCC_WARN_ABOUT_RETURN_TYPE = YES_ERROR;
				GCC_WARN_UNDECLARED_SELECTOR = YES;
				GCC_WARN_UNINITIALIZED_AUTOS = YES_AGGRESSIVE;
				GCC_WARN_UNUSED_FUNCTION = YES;
				GCC_WARN_UNUSED_VARIABLE = YES;
				IPHONEOS_DEPLOYMENT_TARGET = 9.1;
				MTL_ENABLE_DEBUG_INFO = NO;
				SDKROOT = iphoneos;
				VALIDATE_PRODUCT = YES;
			};
			name = Release;
		};
		D1BEE0061C094E3D0024743D /* Debug */ = {
			isa = XCBuildConfiguration;
			buildSettings = {
				ASSETCATALOG_COMPILER_APPICON_NAME = AppIcon;
				INFOPLIST_FILE = "Phone Register/Info.plist";
				LD_RUNPATH_SEARCH_PATHS = "$(inherited) @executable_path/Frameworks";
				PRODUCT_BUNDLE_IDENTIFIER = "com.smartplace.Phone-Register";
				PRODUCT_NAME = "$(TARGET_NAME)";
			};
			name = Debug;
		};
		D1BEE0071C094E3D0024743D /* Release */ = {
			isa = XCBuildConfiguration;
			buildSettings = {
				ASSETCATALOG_COMPILER_APPICON_NAME = AppIcon;
				INFOPLIST_FILE = "Phone Register/Info.plist";
				LD_RUNPATH_SEARCH_PATHS = "$(inherited) @executable_path/Frameworks";
				PRODUCT_BUNDLE_IDENTIFIER = "com.smartplace.Phone-Register";
				PRODUCT_NAME = "$(TARGET_NAME)";
			};
			name = Release;
		};
/* End XCBuildConfiguration section */

/* Begin XCConfigurationList section */
		D1BEDFE61C094E3D0024743D /* Build configuration list for PBXProject "Phone Register" */ = {
			isa = XCConfigurationList;
			buildConfigurations = (
				D1BEE0031C094E3D0024743D /* Debug */,
				D1BEE0041C094E3D0024743D /* Release */,
			);
			defaultConfigurationIsVisible = 0;
			defaultConfigurationName = Release;
		};
		D1BEE0051C094E3D0024743D /* Build configuration list for PBXNativeTarget "Phone Register" */ = {
			isa = XCConfigurationList;
			buildConfigurations = (
				D1BEE0061C094E3D0024743D /* Debug */,
				D1BEE0071C094E3D0024743D /* Release */,
			);
			defaultConfigurationIsVisible = 0;
		};
/* End XCConfigurationList section */

/* Begin XCVersionGroup section */
		D1BEDFFA1C094E3D0024743D /* Phone_Register.xcdatamodeld */ = {
			isa = XCVersionGroup;
			children = (
				D1BEDFFB1C094E3D0024743D /* Phone_Register.xcdatamodel */,
			);
			currentVersion = D1BEDFFB1C094E3D0024743D /* Phone_Register.xcdatamodel */;
			path = Phone_Register.xcdatamodeld;
			sourceTree = "<group>";
			versionGroupType = wrapper.xcdatamodel;
		};
/* End XCVersionGroup section */
	};
	rootObject = D1BEDFE31C094E3D0024743D /* Project object */;
}
